
Microsoft Visual Studio Solution File, Format Version 12.00
# Visual Studio 14
VisualStudioVersion = 14.0.25123.0
MinimumVisualStudioVersion = 10.0.40219.1
Project("{8BC9CEB8-8B4A-11D0-8D11-00A0C91BC942}") = "MFCTestapp", "MFCTestapp\MFCTestapp.vcxproj", "{24B281D0-264B-4A7D-94FD-789C38EECAAA}"
EndProject
Project("{FAE04EC0-301F-11D3-BF4B-00C04F79EFBC}") = "HuffmanCodec", "HuffmanCodec\HuffmanCodec.csproj", "{B5D91458-18B0-422E-95BF-CEED11EF2145}"
EndProject
Global
	GlobalSection(SolutionConfigurationPlatforms) = preSolution
		Debug|Any CPU = Debug|Any CPU
		Debug|x64 = Debug|x64
		Debug|x86 = Debug|x86
		Release|Any CPU = Release|Any CPU
		Release|x64 = Release|x64
		Release|x86 = Release|x86
	EndGlobalSection
	GlobalSection(ProjectConfigurationPlatforms) = postSolution
		{24B281D0-264B-4A7D-94FD-789C38EECAAA}.Debug|Any CPU.ActiveCfg = Debug|Win32
		{24B281D0-264B-4A7D-94FD-789C38EECAAA}.Debug|x64.ActiveCfg = Debug|x64
		{24B281D0-264B-4A7D-94FD-789C38EECAAA}.Debug|x64.Build.0 = Debug|x64
		{24B281D0-264B-4A7D-94FD-789C38EECAAA}.Debug|x86.ActiveCfg = Debug|Win32
		{24B281D0-264B-4A7D-94FD-789C38EECAAA}.Debug|x86.Build.0 = Debug|Win32
		{24B281D0-264B-4A7D-94FD-789C38EECAAA}.Release|Any CPU.ActiveCfg = Release|Win32
		{24B281D0-264B-4A7D-94FD-789C38EECAAA}.Release|x64.ActiveCfg = Release|x64
		{24B281D0-264B-4A7D-94FD-789C38EECAAA}.Release|x64.Build.0 = Release|x64
		{24B281D0-264B-4A7D-94FD-789C38EECAAA}.Release|x86.ActiveCfg = Release|Win32
		{24B281D0-264B-4A7D-94FD-789C38EECAAA}.Release|x86.Build.0 = Release|Win32
		{B5D91458-18B0-422E-95BF-CEED11EF2145}.Debug|Any CPU.ActiveCfg = Debug|Any CPU
		{B5D91458-18B0-422E-95BF-CEED11EF2145}.Debug|Any CPU.Build.0 = Debug|Any CPU
		{B5D91458-18B0-422E-95BF-CEED11EF2145}.Debug|x64.ActiveCfg = Debug|Any CPU
		{B5D91458-18B0-422E-95BF-CEED11EF2145}.Debug|x64.Build.0 = Debug|Any CPU
		{B5D91458-18B0-422E-95BF-CEED11EF2145}.Debug|x86.ActiveCfg = Debug|Any CPU
		{B5D91458-18B0-422E-95BF-CEED11EF2145}.Debug|x86.Build.0 = Debug|Any CPU
		{B5D91458-18B0-422E-95BF-CEED11EF2145}.Release|Any CPU.ActiveCfg = Release|Any CPU
		{B5D91458-18B0-422E-95BF-CEED11EF2145}.Release|Any CPU.Build.0 = Release|Any CPU
		{B5D91458-18B0-422E-95BF-CEED11EF2145}.Release|x64.ActiveCfg = Release|Any CPU
		{B5D91458-18B0-422E-95BF-CEED11EF2145}.Release|x64.Build.0 = Release|Any CPU
		{B5D91458-18B0-422E-95BF-CEED11EF2145}.Release|x86.ActiveCfg = Release|Any CPU
		{B5D91458-18B0-422E-95BF-CEED11EF2145}.Release|x86.Build.0 = Release|Any CPU
	EndGlobalSection
	GlobalSection(SolutionProperties) = preSolution
		HideSolutionNode = FALSE
	EndGlobalSection
EndGlobal
